// !$*UTF8*$!
{
	archiveVersion = 1;
	classes = {
	};
	objectVersion = 46;
	objects = {

/* Begin PBXBuildFile section */
		2067AEBD1DAC8C9700D4301B /* main.m in Sources */ = {isa = PBXBuildFile; fileRef = 2067AEBC1DAC8C9700D4301B /* main.m */; };
		2067AEC01DAC8C9700D4301B /* AppDelegate.m in Sources */ = {isa = PBXBuildFile; fileRef = 2067AEBF1DAC8C9700D4301B /* AppDelegate.m */; };
		2067AEC31DAC8C9700D4301B /* ViewController.m in Sources */ = {isa = PBXBuildFile; fileRef = 2067AEC21DAC8C9700D4301B /* ViewController.m */; };
		2067AEC61DAC8C9700D4301B /* Main.storyboard in Resources */ = {isa = PBXBuildFile; fileRef = 2067AEC41DAC8C9700D4301B /* Main.storyboard */; };
		2067AEC81DAC8C9700D4301B /* Assets.xcassets in Resources */ = {isa = PBXBuildFile; fileRef = 2067AEC71DAC8C9700D4301B /* Assets.xcassets */; };
		2067AECB1DAC8C9700D4301B /* LaunchScreen.storyboard in Resources */ = {isa = PBXBuildFile; fileRef = 2067AEC91DAC8C9700D4301B /* LaunchScreen.storyboard */; };
		2067AED51DAC8D4000D4301B /* OneViewController.m in Sources */ = {isa = PBXBuildFile; fileRef = 2067AED31DAC8D4000D4301B /* OneViewController.m */; };
		2067AED61DAC8D4000D4301B /* OneViewController.xib in Resources */ = {isa = PBXBuildFile; fileRef = 2067AED41DAC8D4000D4301B /* OneViewController.xib */; };
		2067AED81DAC8E0500D4301B /* ViewController.xib in Resources */ = {isa = PBXBuildFile; fileRef = 2067AED71DAC8E0500D4301B /* ViewController.xib */; };
/* End PBXBuildFile section */

/* Begin PBXFileReference section */
		2067AEB81DAC8C9700D4301B /* 导航条的内容.app */ = {isa = PBXFileReference; explicitFileType = wrapper.application; includeInIndex = 0; path = "导航条的内容.app"; sourceTree = BUILT_PRODUCTS_DIR; };
		2067AEBC1DAC8C9700D4301B /* main.m */ = {isa = PBXFileReference; lastKnownFileType = sourcecode.c.objc; path = main.m; sourceTree = "<group>"; };
		2067AEBE1DAC8C9700D4301B /* AppDelegate.h */ = {isa = PBXFileReference; lastKnownFileType = sourcecode.c.h; path = AppDelegate.h; sourceTree = "<group>"; };
		2067AEBF1DAC8C9700D4301B /* AppDelegate.m */ = {isa = PBXFileReference; lastKnownFileType = sourcecode.c.objc; path = AppDelegate.m; sourceTree = "<group>"; };
		2067AEC11DAC8C9700D4301B /* ViewController.h */ = {isa = PBXFileReference; lastKnownFileType = sourcecode.c.h; path = ViewController.h; sourceTree = "<group>"; };
		2067AEC21DAC8C9700D4301B /* ViewController.m */ = {isa = PBXFileReference; lastKnownFileType = sourcecode.c.objc; path = ViewController.m; sourceTree = "<group>"; };
		2067AEC51DAC8C9700D4301B /* Base */ = {isa = PBXFileReference; lastKnownFileType = file.storyboard; name = Base; path = Base.lproj/Main.storyboard; sourceTree = "<group>"; };
		2067AEC71DAC8C9700D4301B /* Assets.xcassets */ = {isa = PBXFileReference; lastKnownFileType = folder.assetcatalog; path = Assets.xcassets; sourceTree = "<group>"; };
		2067AECA1DAC8C9700D4301B /* Base */ = {isa = PBXFileReference; lastKnownFileType = file.storyboard; name = Base; path = Base.lproj/LaunchScreen.storyboard; sourceTree = "<group>"; };
		2067AECC1DAC8C9700D4301B /* Info.plist */ = {isa = PBXFileReference; lastKnownFileType = text.plist.xml; path = Info.plist; sourceTree = "<group>"; };
		2067AED21DAC8D4000D4301B /* OneViewController.h */ = {isa = PBXFileReference; fileEncoding = 4; lastKnownFileType = sourcecode.c.h; path = OneViewController.h; sourceTree = "<group>"; };
		2067AED31DAC8D4000D4301B /* OneViewController.m */ = {isa = PBXFileReference; fileEncoding = 4; lastKnownFileType = sourcecode.c.objc; path = OneViewController.m; sourceTree = "<group>"; };
		2067AED41DAC8D4000D4301B /* OneViewController.xib */ = {isa = PBXFileReference; fileEncoding = 4; lastKnownFileType = file.xib; path = OneViewController.xib; sourceTree = "<group>"; };
		2067AED71DAC8E0500D4301B /* ViewController.xib */ = {isa = PBXFileReference; fileEncoding = 4; lastKnownFileType = file.xib; path = ViewController.xib; sourceTree = "<group>"; };
/* End PBXFileReference section */

/* Begin PBXFrameworksBuildPhase section */
		2067AEB51DAC8C9700D4301B /* Frameworks */ = {
			isa = PBXFrameworksBuildPhase;
			buildActionMask = 2147483647;
			files = (
			);
			runOnlyForDeploymentPostprocessing = 0;
		};
/* End PBXFrameworksBuildPhase section */

/* Begin PBXGroup section */
		2067AEAF1DAC8C9700D4301B = {
			isa = PBXGroup;
			children = (
				2067AEBA1DAC8C9700D4301B /* 导航条的内容 */,
				2067AEB91DAC8C9700D4301B /* Products */,
			);
			sourceTree = "<group>";
		};
		2067AEB91DAC8C9700D4301B /* Products */ = {
			isa = PBXGroup;
			children = (
				2067AEB81DAC8C9700D4301B /* 导航条的内容.app */,
			);
			name = Products;
			sourceTree = "<group>";
		};
		2067AEBA1DAC8C9700D4301B /* 导航条的内容 */ = {
			isa = PBXGroup;
			children = (
				2067AEBE1DAC8C9700D4301B /* AppDelegate.h */,
				2067AEBF1DAC8C9700D4301B /* AppDelegate.m */,
				2067AEC11DAC8C9700D4301B /* ViewController.h */,
				2067AEC21DAC8C9700D4301B /* ViewController.m */,
				2067AED71DAC8E0500D4301B /* ViewController.xib */,
				2067AED21DAC8D4000D4301B /* OneViewController.h */,
				2067AED31DAC8D4000D4301B /* OneViewController.m */,
				2067AED41DAC8D4000D4301B /* OneViewController.xib */,
				2067AEC41DAC8C9700D4301B /* Main.storyboard */,
				2067AEC71DAC8C9700D4301B /* Assets.xcassets */,
				2067AEC91DAC8C9700D4301B /* LaunchScreen.storyboard */,
				2067AECC1DAC8C9700D4301B /* Info.plist */,
				2067AEBB1DAC8C9700D4301B /* Supporting Files */,
			);
			path = "导航条的内容";
			sourceTree = "<group>";
		};
		2067AEBB1DAC8C9700D4301B /* Supporting Files */ = {
			isa = PBXGroup;
			children = (
				2067AEBC1DAC8C9700D4301B /* main.m */,
			);
			name = "Supporting Files";
			sourceTree = "<group>";
		};
/* End PBXGroup section */

/* Begin PBXNativeTarget section */
		2067AEB71DAC8C9700D4301B /* 导航条的内容 */ = {
			isa = PBXNativeTarget;
			buildConfigurationList = 2067AECF1DAC8C9700D4301B /* Build configuration list for PBXNativeTarget "导航条的内容" */;
			buildPhases = (
				2067AEB41DAC8C9700D4301B /* Sources */,
				2067AEB51DAC8C9700D4301B /* Frameworks */,
				2067AEB61DAC8C9700D4301B /* Resources */,
			);
			buildRules = (
			);
			dependencies = (
			);
			name = "导航条的内容";
			productName = "导航条的内容";
			productReference = 2067AEB81DAC8C9700D4301B /* 导航条的内容.app */;
			productType = "com.apple.product-type.application";
		};
/* End PBXNativeTarget section */

/* Begin PBXProject section */
		2067AEB01DAC8C9700D4301B /* Project object */ = {
			isa = PBXProject;
			attributes = {
				LastUpgradeCheck = 0730;
				ORGANIZATIONNAME = Liuxingchen;
				TargetAttributes = {
					2067AEB71DAC8C9700D4301B = {
						CreatedOnToolsVersion = 7.3.1;
					};
				};
			};
			buildConfigurationList = 2067AEB31DAC8C9700D4301B /* Build configuration list for PBXProject "导航条的内容" */;
			compatibilityVersion = "Xcode 3.2";
			developmentRegion = English;
			hasScannedForEncodings = 0;
			knownRegions = (
				en,
				Base,
			);
			mainGroup = 2067AEAF1DAC8C9700D4301B;
			productRefGroup = 2067AEB91DAC8C9700D4301B /* Products */;
			projectDirPath = "";
			projectRoot = "";
			targets = (
				2067AEB71DAC8C9700D4301B /* 导航条的内容 */,
			);
		};
/* End PBXProject section */

/* Begin PBXResourcesBuildPhase section */
		2067AEB61DAC8C9700D4301B /* Resources */ = {
			isa = PBXResourcesBuildPhase;
			buildActionMask = 2147483647;
			files = (
				2067AED81DAC8E0500D4301B /* ViewController.xib in Resources */,
				2067AECB1DAC8C9700D4301B /* LaunchScreen.storyboard in Resources */,
				2067AEC81DAC8C9700D4301B /* Assets.xcassets in Resources */,
				2067AEC61DAC8C9700D4301B /* Main.storyboard in Resources */,
				2067AED61DAC8D4000D4301B /* OneViewController.xib in Resources */,
			);
			runOnlyForDeploymentPostprocessing = 0;
		};
/* End PBXResourcesBuildPhase section */

/* Begin PBXSourcesBuildPhase section */
		2067AEB41DAC8C9700D4301B /* Sources */ = {
			isa = PBXSourcesBuildPhase;
			buildActionMask = 2147483647;
			files = (
				2067AEC31DAC8C9700D4301B /* ViewController.m in Sources */,
				2067AEC01DAC8C9700D4301B /* AppDelegate.m in Sources */,
				2067AEBD1DAC8C9700D4301B /* main.m in Sources */,
				2067AED51DAC8D4000D4301B /* OneViewController.m in Sources */,
			);
			runOnlyForDeploymentPostprocessing = 0;
		};
/* End PBXSourcesBuildPhase section */

/* Begin PBXVariantGroup section */
		2067AEC41DAC8C9700D4301B /* Main.storyboard */ = {
			isa = PBXVariantGroup;
			children = (
				2067AEC51DAC8C9700D4301B /* Base */,
			);
			name = Main.storyboard;
			sourceTree = "<group>";
		};
		2067AEC91DAC8C9700D4301B /* LaunchScreen.storyboard */ = {
			isa = PBXVariantGroup;
			children = (
				2067AECA1DAC8C9700D4301B /* Base */,
			);
			name = LaunchScreen.storyboard;
			sourceTree = "<group>";
		};
/* End PBXVariantGroup section */

/* Begin XCBuildConfiguration section */
		2067AECD1DAC8C9700D4301B /* Debug */ = {
			isa = XCBuildConfiguration;
			buildSettings = {
				ALWAYS_SEARCH_USER_PATHS = NO;
				CLANG_ANALYZER_NONNULL = YES;
				CLANG_CXX_LANGUAGE_STANDARD = "gnu++0x";
				CLANG_CXX_LIBRARY = "libc++";
				CLANG_ENABLE_MODULES = YES;
				CLANG_ENABLE_OBJC_ARC = YES;
				CLANG_WARN_BOOL_CONVERSION = YES;
				CLANG_WARN_CONSTANT_CONVERSION = YES;
				CLANG_WARN_DIRECT_OBJC_ISA_USAGE = YES_ERROR;
				CLANG_WARN_EMPTY_BODY = YES;
				CLANG_WARN_ENUM_CONVERSION = YES;
				CLANG_WARN_INT_CONVERSION = YES;
				CLANG_WARN_OBJC_ROOT_CLASS = YES_ERROR;
				CLANG_WARN_UNREACHABLE_CODE = YES;
				CLANG_WARN__DUPLICATE_METHOD_MATCH = YES;
				"CODE_SIGN_IDENTITY[sdk=iphoneos*]" = "iPhone Developer";
				COPY_PHASE_STRIP = NO;
				DEBUG_INFORMATION_FORMAT = dwarf;
				ENABLE_STRICT_OBJC_MSGSEND = YES;
				ENABLE_TESTABILITY = YES;
				GCC_C_LANGUAGE_STANDARD = gnu99;
				GCC_DYNAMIC_NO_PIC = NO;
				GCC_NO_COMMON_BLOCKS = YES;
				GCC_OPTIMIZATION_LEVEL = 0;
				GCC_PREPROCESSOR_DEFINITIONS = (
					"DEBUG=1",
					"$(inherited)",
				);
				GCC_WARN_64_TO_32_BIT_CONVERSION = YES;
				GCC_WARN_ABOUT_RETURN_TYPE = YES_ERROR;
				GCC_WARN_UNDECLARED_SELECTOR = YES;
				GCC_WARN_UNINITIALIZED_AUTOS = YES_AGGRESSIVE;
				GCC_WARN_UNUSED_FUNCTION = YES;
				GCC_WARN_UNUSED_VARIABLE = YES;
				IPHONEOS_DEPLOYMENT_TARGET = 9.3;
				MTL_ENABLE_DEBUG_INFO = YES;
				ONLY_ACTIVE_ARCH = YES;
				SDKROOT = iphoneos;
			};
			name = Debug;
		};
		2067AECE1DAC8C9700D4301B /* Release */ = {
			isa = XCBuildConfiguration;
			buildSettings = {
				ALWAYS_SEARCH_USER_PATHS = NO;
				CLANG_ANALYZER_NONNULL = YES;
				CLANG_CXX_LANGUAGE_STANDARD = "gnu++0x";
				CLANG_CXX_LIBRARY = "libc++";
				CLANG_ENABLE_MODULES = YES;
				CLANG_ENABLE_OBJC_ARC = YES;
				CLANG_WARN_BOOL_CONVERSION = YES;
				CLANG_WARN_CONSTANT_CONVERSION = YES;
				CLANG_WARN_DIRECT_OBJC_ISA_USAGE = YES_ERROR;
				CLANG_WARN_EMPTY_BODY = YES;
				CLANG_WARN_ENUM_CONVERSION = YES;
				CLANG_WARN_INT_CONVERSION = YES;
				CLANG_WARN_OBJC_ROOT_CLASS = YES_ERROR;
				CLANG_WARN_UNREACHABLE_CODE = YES;
				CLANG_WARN__DUPLICATE_METHOD_MATCH = YES;
				"CODE_SIGN_IDENTITY[sdk=iphoneos*]" = "iPhone Developer";
				COPY_PHASE_STRIP = NO;
				DEBUG_INFORMATION_FORMAT = "dwarf-with-dsym";
				ENABLE_NS_ASSERTIONS = NO;
				ENABLE_STRICT_OBJC_MSGSEND = YES;
				GCC_C_LANGUAGE_STANDARD = gnu99;
				GCC_NO_COMMON_BLOCKS = YES;
				GCC_WARN_64_TO_32_BIT_CONVERSION = YES;
				GCC_WARN_ABOUT_RETURN_TYPE = YES_ERROR;
				GCC_WARN_UNDECLARED_SELECTOR = YES;
				GCC_WARN_UNINITIALIZED_AUTOS = YES_AGGRESSIVE;
				GCC_WARN_UNUSED_FUNCTION = YES;
				GCC_WARN_UNUSED_VARIABLE = YES;
				IPHONEOS_DEPLOYMENT_TARGET = 9.3;
				MTL_ENABLE_DEBUG_INFO = NO;
				SDKROOT = iphoneos;
				VALIDATE_PRODUCT = YES;
			};
			name = Release;
		};
		2067AED01DAC8C9700D4301B /* Debug */ = {
			isa = XCBuildConfiguration;
			buildSettings = {
				ASSETCATALOG_COMPILER_APPICON_NAME = AppIcon;
				INFOPLIST_FILE = "导航条的内容/Info.plist";
				LD_RUNPATH_SEARCH_PATHS = "$(inherited) @executable_path/Frameworks";
				PRODUCT_BUNDLE_IDENTIFIER = "net.intelet.------";
				PRODUCT_NAME = "$(TARGET_NAME)";
			};
			name = Debug;
		};
		2067AED11DAC8C9700D4301B /* Release */ = {
			isa = XCBuildConfiguration;
			buildSettings = {
				ASSETCATALOG_COMPILER_APPICON_NAME = AppIcon;
				INFOPLIST_FILE = "导航条的内容/Info.plist";
				LD_RUNPATH_SEARCH_PATHS = "$(inherited) @executable_path/Frameworks";
				PRODUCT_BUNDLE_IDENTIFIER = "net.intelet.------";
				PRODUCT_NAME = "$(TARGET_NAME)";
			};
			name = Release;
		};
/* End XCBuildConfiguration section */

/* Begin XCConfigurationList section */
		2067AEB31DAC8C9700D4301B /* Build configuration list for PBXProject "导航条的内容" */ = {
			isa = XCConfigurationList;
			buildConfigurations = (
				2067AECD1DAC8C9700D4301B /* Debug */,
				2067AECE1DAC8C9700D4301B /* Release */,
			);
			defaultConfigurationIsVisible = 0;
			defaultConfigurationName = Release;
		};
		2067AECF1DAC8C9700D4301B /* Build configuration list for PBXNativeTarget "导航条的内容" */ = {
			isa = XCConfigurationList;
			buildConfigurations = (
				2067AED01DAC8C9700D4301B /* Debug */,
				2067AED11DAC8C9700D4301B /* Release */,
			);
			defaultConfigurationIsVisible = 0;
		};
/* End XCConfigurationList section */
	};
	rootObject = 2067AEB01DAC8C9700D4301B /* Project object */;
}
